
Microsoft Visual Studio Solution File, Format Version 12.00
# Visual Studio Version 16
VisualStudioVersion = 16.0.31605.320
MinimumVisualStudioVersion = 10.0.40219.1
Project("{9A19103F-16F7-4668-BE54-9A1E7A4F7556}") = "RegistroAlunos.Entidades", "RegistroAlunos.Entidades\RegistroAlunos.Entidades.csproj", "{A3F0E5FB-A71B-4689-AABC-A9974B0B1B30}"
EndProject
Project("{9A19103F-16F7-4668-BE54-9A1E7A4F7556}") = "RegistroAlunos.Aplicacao", "RegistroAlunos.Aplicacao\RegistroAlunos.Aplicacao.csproj", "{AB2DD1B4-CC32-47C6-8456-D8F2F766C38D}"
EndProject
Project("{9A19103F-16F7-4668-BE54-9A1E7A4F7556}") = "RegistroAlunos.DAL", "RegistroAlunos.DAL\RegistroAlunos.DAL.csproj", "{0119C059-78A9-47E9-B9AE-E7A2A30F37EE}"
EndProject
Global
	GlobalSection(SolutionConfigurationPlatforms) = preSolution
		Debug|Any CPU = Debug|Any CPU
		Release|Any CPU = Release|Any CPU
	EndGlobalSection
	GlobalSection(ProjectConfigurationPlatforms) = postSolution
		{A3F0E5FB-A71B-4689-AABC-A9974B0B1B30}.Debug|Any CPU.ActiveCfg = Debug|Any CPU
		{A3F0E5FB-A71B-4689-AABC-A9974B0B1B30}.Debug|Any CPU.Build.0 = Debug|Any CPU
		{A3F0E5FB-A71B-4689-AABC-A9974B0B1B30}.Release|Any CPU.ActiveCfg = Release|Any CPU
		{A3F0E5FB-A71B-4689-AABC-A9974B0B1B30}.Release|Any CPU.Build.0 = Release|Any CPU
		{AB2DD1B4-CC32-47C6-8456-D8F2F766C38D}.Debug|Any CPU.ActiveCfg = Debug|Any CPU
		{AB2DD1B4-CC32-47C6-8456-D8F2F766C38D}.Debug|Any CPU.Build.0 = Debug|Any CPU
		{AB2DD1B4-CC32-47C6-8456-D8F2F766C38D}.Release|Any CPU.ActiveCfg = Release|Any CPU
		{AB2DD1B4-CC32-47C6-8456-D8F2F766C38D}.Release|Any CPU.Build.0 = Release|Any CPU
		{0119C059-78A9-47E9-B9AE-E7A2A30F37EE}.Debug|Any CPU.ActiveCfg = Debug|Any CPU
		{0119C059-78A9-47E9-B9AE-E7A2A30F37EE}.Debug|Any CPU.Build.0 = Debug|Any CPU
		{0119C059-78A9-47E9-B9AE-E7A2A30F37EE}.Release|Any CPU.ActiveCfg = Release|Any CPU
		{0119C059-78A9-47E9-B9AE-E7A2A30F37EE}.Release|Any CPU.Build.0 = Release|Any CPU
	EndGlobalSection
	GlobalSection(SolutionProperties) = preSolution
		HideSolutionNode = FALSE
	EndGlobalSection
	GlobalSection(ExtensibilityGlobals) = postSolution
		SolutionGuid = {5062AD2D-FC2A-4A29-BE27-BBF11FF93392}
	EndGlobalSection
EndGlobal
